// !$*UTF8*$!
{
	archiveVersion = 1;
	classes = {
	};
	objectVersion = 48;
	objects = {

/* Begin PBXBuildFile section */
		18F5B44C1FA07EED00B286B5 /* AppDelegate.m in Sources */ = {isa = PBXBuildFile; fileRef = 18F5B44B1FA07EED00B286B5 /* AppDelegate.m */; };
		18F5B44F1FA07EED00B286B5 /* ViewController.m in Sources */ = {isa = PBXBuildFile; fileRef = 18F5B44E1FA07EED00B286B5 /* ViewController.m */; };
		18F5B4521FA07EED00B286B5 /* Main.storyboard in Resources */ = {isa = PBXBuildFile; fileRef = 18F5B4501FA07EED00B286B5 /* Main.storyboard */; };
		18F5B4541FA07EED00B286B5 /* Assets.xcassets in Resources */ = {isa = PBXBuildFile; fileRef = 18F5B4531FA07EED00B286B5 /* Assets.xcassets */; };
		18F5B4571FA07EED00B286B5 /* LaunchScreen.storyboard in Resources */ = {isa = PBXBuildFile; fileRef = 18F5B4551FA07EED00B286B5 /* LaunchScreen.storyboard */; };
		18F5B45A1FA07EED00B286B5 /* main.m in Sources */ = {isa = PBXBuildFile; fileRef = 18F5B4591FA07EED00B286B5 /* main.m */; };
		18F5B4641FA07EEE00B286B5 /* customerTabBarTests.m in Sources */ = {isa = PBXBuildFile; fileRef = 18F5B4631FA07EEE00B286B5 /* customerTabBarTests.m */; };
		18F5B46F1FA07EEE00B286B5 /* customerTabBarUITests.m in Sources */ = {isa = PBXBuildFile; fileRef = 18F5B46E1FA07EEE00B286B5 /* customerTabBarUITests.m */; };
		18F5B4811FA080A500B286B5 /* HBX_MainController.m in Sources */ = {isa = PBXBuildFile; fileRef = 18F5B4801FA080A500B286B5 /* HBX_MainController.m */; };
		18F5B4841FA080C600B286B5 /* HBX_NavigationViewController.m in Sources */ = {isa = PBXBuildFile; fileRef = 18F5B4831FA080C600B286B5 /* HBX_NavigationViewController.m */; };
		18F5B48A1FA08A1200B286B5 /* HBX_HomeViewController.m in Sources */ = {isa = PBXBuildFile; fileRef = 18F5B4891FA08A1200B286B5 /* HBX_HomeViewController.m */; };
		18F5B48D1FA08A3900B286B5 /* HBX_MoreViewController.m in Sources */ = {isa = PBXBuildFile; fileRef = 18F5B48C1FA08A3900B286B5 /* HBX_MoreViewController.m */; };
		18F5B4901FA08A4700B286B5 /* HBX_MineViewController.m in Sources */ = {isa = PBXBuildFile; fileRef = 18F5B48F1FA08A4700B286B5 /* HBX_MineViewController.m */; };
		18F5B4941FA170CC00B286B5 /* HBX_CenterViewController.m in Sources */ = {isa = PBXBuildFile; fileRef = 18F5B4931FA170CC00B286B5 /* HBX_CenterViewController.m */; };
		18F5B4991FA1B73E00B286B5 /* HBX_CustomTabBar.m in Sources */ = {isa = PBXBuildFile; fileRef = 18F5B4981FA1B73E00B286B5 /* HBX_CustomTabBar.m */; };
/* End PBXBuildFile section */

/* Begin PBXContainerItemProxy section */
		18F5B4601FA07EEE00B286B5 /* PBXContainerItemProxy */ = {
			isa = PBXContainerItemProxy;
			containerPortal = 18F5B43F1FA07EED00B286B5 /* Project object */;
			proxyType = 1;
			remoteGlobalIDString = 18F5B4461FA07EED00B286B5;
			remoteInfo = customerTabBar;
		};
		18F5B46B1FA07EEE00B286B5 /* PBXContainerItemProxy */ = {
			isa = PBXContainerItemProxy;
			containerPortal = 18F5B43F1FA07EED00B286B5 /* Project object */;
			proxyType = 1;
			remoteGlobalIDString = 18F5B4461FA07EED00B286B5;
			remoteInfo = customerTabBar;
		};
/* End PBXContainerItemProxy section */

/* Begin PBXFileReference section */
		18F5B4471FA07EED00B286B5 /* customerTabBar.app */ = {isa = PBXFileReference; explicitFileType = wrapper.application; includeInIndex = 0; path = customerTabBar.app; sourceTree = BUILT_PRODUCTS_DIR; };
		18F5B44A1FA07EED00B286B5 /* AppDelegate.h */ = {isa = PBXFileReference; lastKnownFileType = sourcecode.c.h; path = AppDelegate.h; sourceTree = "<group>"; };
		18F5B44B1FA07EED00B286B5 /* AppDelegate.m */ = {isa = PBXFileReference; lastKnownFileType = sourcecode.c.objc; path = AppDelegate.m; sourceTree = "<group>"; };
		18F5B44D1FA07EED00B286B5 /* ViewController.h */ = {isa = PBXFileReference; lastKnownFileType = sourcecode.c.h; path = ViewController.h; sourceTree = "<group>"; };
		18F5B44E1FA07EED00B286B5 /* ViewController.m */ = {isa = PBXFileReference; lastKnownFileType = sourcecode.c.objc; path = ViewController.m; sourceTree = "<group>"; };
		18F5B4511FA07EED00B286B5 /* Base */ = {isa = PBXFileReference; lastKnownFileType = file.storyboard; name = Base; path = Base.lproj/Main.storyboard; sourceTree = "<group>"; };
		18F5B4531FA07EED00B286B5 /* Assets.xcassets */ = {isa = PBXFileReference; lastKnownFileType = folder.assetcatalog; path = Assets.xcassets; sourceTree = "<group>"; };
		18F5B4561FA07EED00B286B5 /* Base */ = {isa = PBXFileReference; lastKnownFileType = file.storyboard; name = Base; path = Base.lproj/LaunchScreen.storyboard; sourceTree = "<group>"; };
		18F5B4581FA07EED00B286B5 /* Info.plist */ = {isa = PBXFileReference; lastKnownFileType = text.plist.xml; path = Info.plist; sourceTree = "<group>"; };
		18F5B4591FA07EED00B286B5 /* main.m */ = {isa = PBXFileReference; lastKnownFileType = sourcecode.c.objc; path = main.m; sourceTree = "<group>"; };
		18F5B45F1FA07EEE00B286B5 /* customerTabBarTests.xctest */ = {isa = PBXFileReference; explicitFileType = wrapper.cfbundle; includeInIndex = 0; path = customerTabBarTests.xctest; sourceTree = BUILT_PRODUCTS_DIR; };
		18F5B4631FA07EEE00B286B5 /* customerTabBarTests.m */ = {isa = PBXFileReference; lastKnownFileType = sourcecode.c.objc; path = customerTabBarTests.m; sourceTree = "<group>"; };
		18F5B4651FA07EEE00B286B5 /* Info.plist */ = {isa = PBXFileReference; lastKnownFileType = text.plist.xml; path = Info.plist; sourceTree = "<group>"; };
		18F5B46A1FA07EEE00B286B5 /* customerTabBarUITests.xctest */ = {isa = PBXFileReference; explicitFileType = wrapper.cfbundle; includeInIndex = 0; path = customerTabBarUITests.xctest; sourceTree = BUILT_PRODUCTS_DIR; };
		18F5B46E1FA07EEE00B286B5 /* customerTabBarUITests.m */ = {isa = PBXFileReference; lastKnownFileType = sourcecode.c.objc; path = customerTabBarUITests.m; sourceTree = "<group>"; };
		18F5B4701FA07EEE00B286B5 /* Info.plist */ = {isa = PBXFileReference; lastKnownFileType = text.plist.xml; path = Info.plist; sourceTree = "<group>"; };
		18F5B47F1FA080A500B286B5 /* HBX_MainController.h */ = {isa = PBXFileReference; lastKnownFileType = sourcecode.c.h; path = HBX_MainController.h; sourceTree = "<group>"; };
		18F5B4801FA080A500B286B5 /* HBX_MainController.m */ = {isa = PBXFileReference; lastKnownFileType = sourcecode.c.objc; path = HBX_MainController.m; sourceTree = "<group>"; };
		18F5B4821FA080C600B286B5 /* HBX_NavigationViewController.h */ = {isa = PBXFileReference; lastKnownFileType = sourcecode.c.h; path = HBX_NavigationViewController.h; sourceTree = "<group>"; };
		18F5B4831FA080C600B286B5 /* HBX_NavigationViewController.m */ = {isa = PBXFileReference; lastKnownFileType = sourcecode.c.objc; path = HBX_NavigationViewController.m; sourceTree = "<group>"; };
		18F5B4881FA08A1200B286B5 /* HBX_HomeViewController.h */ = {isa = PBXFileReference; lastKnownFileType = sourcecode.c.h; path = HBX_HomeViewController.h; sourceTree = "<group>"; };
		18F5B4891FA08A1200B286B5 /* HBX_HomeViewController.m */ = {isa = PBXFileReference; lastKnownFileType = sourcecode.c.objc; path = HBX_HomeViewController.m; sourceTree = "<group>"; };
		18F5B48B1FA08A3900B286B5 /* HBX_MoreViewController.h */ = {isa = PBXFileReference; lastKnownFileType = sourcecode.c.h; path = HBX_MoreViewController.h; sourceTree = "<group>"; };
		18F5B48C1FA08A3900B286B5 /* HBX_MoreViewController.m */ = {isa = PBXFileReference; lastKnownFileType = sourcecode.c.objc; path = HBX_MoreViewController.m; sourceTree = "<group>"; };
		18F5B48E1FA08A4700B286B5 /* HBX_MineViewController.h */ = {isa = PBXFileReference; lastKnownFileType = sourcecode.c.h; path = HBX_MineViewController.h; sourceTree = "<group>"; };
		18F5B48F1FA08A4700B286B5 /* HBX_MineViewController.m */ = {isa = PBXFileReference; lastKnownFileType = sourcecode.c.objc; path = HBX_MineViewController.m; sourceTree = "<group>"; };
		18F5B4921FA170CC00B286B5 /* HBX_CenterViewController.h */ = {isa = PBXFileReference; lastKnownFileType = sourcecode.c.h; path = HBX_CenterViewController.h; sourceTree = "<group>"; };
		18F5B4931FA170CC00B286B5 /* HBX_CenterViewController.m */ = {isa = PBXFileReference; lastKnownFileType = sourcecode.c.objc; path = HBX_CenterViewController.m; sourceTree = "<group>"; };
		18F5B4971FA1B73E00B286B5 /* HBX_CustomTabBar.h */ = {isa = PBXFileReference; lastKnownFileType = sourcecode.c.h; path = HBX_CustomTabBar.h; sourceTree = "<group>"; };
		18F5B4981FA1B73E00B286B5 /* HBX_CustomTabBar.m */ = {isa = PBXFileReference; lastKnownFileType = sourcecode.c.objc; path = HBX_CustomTabBar.m; sourceTree = "<group>"; };
/* End PBXFileReference section */

/* Begin PBXFrameworksBuildPhase section */
		18F5B4441FA07EED00B286B5 /* Frameworks */ = {
			isa = PBXFrameworksBuildPhase;
			buildActionMask = 2147483647;
			files = (
			);
			runOnlyForDeploymentPostprocessing = 0;
		};
		18F5B45C1FA07EEE00B286B5 /* Frameworks */ = {
			isa = PBXFrameworksBuildPhase;
			buildActionMask = 2147483647;
			files = (
			);
			runOnlyForDeploymentPostprocessing = 0;
		};
		18F5B4671FA07EEE00B286B5 /* Frameworks */ = {
			isa = PBXFrameworksBuildPhase;
			buildActionMask = 2147483647;
			files = (
			);
			runOnlyForDeploymentPostprocessing = 0;
		};
/* End PBXFrameworksBuildPhase section */

/* Begin PBXGroup section */
		18F5B43E1FA07EED00B286B5 = {
			isa = PBXGroup;
			children = (
				18F5B4491FA07EED00B286B5 /* customerTabBar */,
				18F5B4621FA07EEE00B286B5 /* customerTabBarTests */,
				18F5B46D1FA07EEE00B286B5 /* customerTabBarUITests */,
				18F5B4481FA07EED00B286B5 /* Products */,
			);
			sourceTree = "<group>";
		};
		18F5B4481FA07EED00B286B5 /* Products */ = {
			isa = PBXGroup;
			children = (
				18F5B4471FA07EED00B286B5 /* customerTabBar.app */,
				18F5B45F1FA07EEE00B286B5 /* customerTabBarTests.xctest */,
				18F5B46A1FA07EEE00B286B5 /* customerTabBarUITests.xctest */,
			);
			name = Products;
			sourceTree = "<group>";
		};
		18F5B4491FA07EED00B286B5 /* customerTabBar */ = {
			isa = PBXGroup;
			children = (
				18F5B47E1FA0807100B286B5 /* Tool */,
				18F5B47D1FA0806700B286B5 /* Main */,
				18F5B47C1FA0805A00B286B5 /* Class */,
				18F5B44A1FA07EED00B286B5 /* AppDelegate.h */,
				18F5B44B1FA07EED00B286B5 /* AppDelegate.m */,
				18F5B44D1FA07EED00B286B5 /* ViewController.h */,
				18F5B44E1FA07EED00B286B5 /* ViewController.m */,
				18F5B4501FA07EED00B286B5 /* Main.storyboard */,
				18F5B4531FA07EED00B286B5 /* Assets.xcassets */,
				18F5B4551FA07EED00B286B5 /* LaunchScreen.storyboard */,
				18F5B4581FA07EED00B286B5 /* Info.plist */,
				18F5B4591FA07EED00B286B5 /* main.m */,
			);
			path = customerTabBar;
			sourceTree = "<group>";
		};
		18F5B4621FA07EEE00B286B5 /* customerTabBarTests */ = {
			isa = PBXGroup;
			children = (
				18F5B4631FA07EEE00B286B5 /* customerTabBarTests.m */,
				18F5B4651FA07EEE00B286B5 /* Info.plist */,
			);
			path = customerTabBarTests;
			sourceTree = "<group>";
		};
		18F5B46D1FA07EEE00B286B5 /* customerTabBarUITests */ = {
			isa = PBXGroup;
			children = (
				18F5B46E1FA07EEE00B286B5 /* customerTabBarUITests.m */,
				18F5B4701FA07EEE00B286B5 /* Info.plist */,
			);
			path = customerTabBarUITests;
			sourceTree = "<group>";
		};
		18F5B47C1FA0805A00B286B5 /* Class */ = {
			isa = PBXGroup;
			children = (
				18F5B4911FA170BE00B286B5 /* Center */,
				18F5B4871FA089BF00B286B5 /* Mine */,
				18F5B4861FA0897F00B286B5 /* More */,
				18F5B4851FA0897700B286B5 /* Home */,
			);
			path = Class;
			sourceTree = "<group>";
		};
		18F5B47D1FA0806700B286B5 /* Main */ = {
			isa = PBXGroup;
			children = (
				18F5B4961FA1B72100B286B5 /* Tabbar */,
				18F5B47F1FA080A500B286B5 /* HBX_MainController.h */,
				18F5B4801FA080A500B286B5 /* HBX_MainController.m */,
				18F5B4821FA080C600B286B5 /* HBX_NavigationViewController.h */,
				18F5B4831FA080C600B286B5 /* HBX_NavigationViewController.m */,
			);
			path = Main;
			sourceTree = "<group>";
		};
		18F5B47E1FA0807100B286B5 /* Tool */ = {
			isa = PBXGroup;
			children = (
			);
			path = Tool;
			sourceTree = "<group>";
		};
		18F5B4851FA0897700B286B5 /* Home */ = {
			isa = PBXGroup;
			children = (
				18F5B4881FA08A1200B286B5 /* HBX_HomeViewController.h */,
				18F5B4891FA08A1200B286B5 /* HBX_HomeViewController.m */,
			);
			path = Home;
			sourceTree = "<group>";
		};
		18F5B4861FA0897F00B286B5 /* More */ = {
			isa = PBXGroup;
			children = (
				18F5B48B1FA08A3900B286B5 /* HBX_MoreViewController.h */,
				18F5B48C1FA08A3900B286B5 /* HBX_MoreViewController.m */,
			);
			path = More;
			sourceTree = "<group>";
		};
		18F5B4871FA089BF00B286B5 /* Mine */ = {
			isa = PBXGroup;
			children = (
				18F5B48E1FA08A4700B286B5 /* HBX_MineViewController.h */,
				18F5B48F1FA08A4700B286B5 /* HBX_MineViewController.m */,
			);
			path = Mine;
			sourceTree = "<group>";
		};
		18F5B4911FA170BE00B286B5 /* Center */ = {
			isa = PBXGroup;
			children = (
				18F5B4921FA170CC00B286B5 /* HBX_CenterViewController.h */,
				18F5B4931FA170CC00B286B5 /* HBX_CenterViewController.m */,
			);
			path = Center;
			sourceTree = "<group>";
		};
		18F5B4961FA1B72100B286B5 /* Tabbar */ = {
			isa = PBXGroup;
			children = (
				18F5B4971FA1B73E00B286B5 /* HBX_CustomTabBar.h */,
				18F5B4981FA1B73E00B286B5 /* HBX_CustomTabBar.m */,
			);
			path = Tabbar;
			sourceTree = "<group>";
		};
/* End PBXGroup section */

/* Begin PBXNativeTarget section */
		18F5B4461FA07EED00B286B5 /* customerTabBar */ = {
			isa = PBXNativeTarget;
			buildConfigurationList = 18F5B4731FA07EEE00B286B5 /* Build configuration list for PBXNativeTarget "customerTabBar" */;
			buildPhases = (
				18F5B4431FA07EED00B286B5 /* Sources */,
				18F5B4441FA07EED00B286B5 /* Frameworks */,
				18F5B4451FA07EED00B286B5 /* Resources */,
			);
			buildRules = (
			);
			dependencies = (
			);
			name = customerTabBar;
			productName = customerTabBar;
			productReference = 18F5B4471FA07EED00B286B5 /* customerTabBar.app */;
			productType = "com.apple.product-type.application";
		};
		18F5B45E1FA07EEE00B286B5 /* customerTabBarTests */ = {
			isa = PBXNativeTarget;
			buildConfigurationList = 18F5B4761FA07EEE00B286B5 /* Build configuration list for PBXNativeTarget "customerTabBarTests" */;
			buildPhases = (
				18F5B45B1FA07EEE00B286B5 /* Sources */,
				18F5B45C1FA07EEE00B286B5 /* Frameworks */,
				18F5B45D1FA07EEE00B286B5 /* Resources */,
			);
			buildRules = (
			);
			dependencies = (
				18F5B4611FA07EEE00B286B5 /* PBXTargetDependency */,
			);
			name = customerTabBarTests;
			productName = customerTabBarTests;
			productReference = 18F5B45F1FA07EEE00B286B5 /* customerTabBarTests.xctest */;
			productType = "com.apple.product-type.bundle.unit-test";
		};
		18F5B4691FA07EEE00B286B5 /* customerTabBarUITests */ = {
			isa = PBXNativeTarget;
			buildConfigurationList = 18F5B4791FA07EEE00B286B5 /* Build configuration list for PBXNativeTarget "customerTabBarUITests" */;
			buildPhases = (
				18F5B4661FA07EEE00B286B5 /* Sources */,
				18F5B4671FA07EEE00B286B5 /* Frameworks */,
				18F5B4681FA07EEE00B286B5 /* Resources */,
			);
			buildRules = (
			);
			dependencies = (
				18F5B46C1FA07EEE00B286B5 /* PBXTargetDependency */,
			);
			name = customerTabBarUITests;
			productName = customerTabBarUITests;
			productReference = 18F5B46A1FA07EEE00B286B5 /* customerTabBarUITests.xctest */;
			productType = "com.apple.product-type.bundle.ui-testing";
		};
/* End PBXNativeTarget section */

/* Begin PBXProject section */
		18F5B43F1FA07EED00B286B5 /* Project object */ = {
			isa = PBXProject;
			attributes = {
				CLASSPREFIX = HBX_;
				LastUpgradeCheck = 0900;
				ORGANIZATIONNAME = apple;
				TargetAttributes = {
					18F5B4461FA07EED00B286B5 = {
						CreatedOnToolsVersion = 9.0;
						ProvisioningStyle = Automatic;
					};
					18F5B45E1FA07EEE00B286B5 = {
						CreatedOnToolsVersion = 9.0;
						ProvisioningStyle = Automatic;
						TestTargetID = 18F5B4461FA07EED00B286B5;
					};
					18F5B4691FA07EEE00B286B5 = {
						CreatedOnToolsVersion = 9.0;
						ProvisioningStyle = Automatic;
						TestTargetID = 18F5B4461FA07EED00B286B5;
					};
				};
			};
			buildConfigurationList = 18F5B4421FA07EED00B286B5 /* Build configuration list for PBXProject "customerTabBar" */;
			compatibilityVersion = "Xcode 8.0";
			developmentRegion = en;
			hasScannedForEncodings = 0;
			knownRegions = (
				en,
				Base,
			);
			mainGroup = 18F5B43E1FA07EED00B286B5;
			productRefGroup = 18F5B4481FA07EED00B286B5 /* Products */;
			projectDirPath = "";
			projectRoot = "";
			targets = (
				18F5B4461FA07EED00B286B5 /* customerTabBar */,
				18F5B45E1FA07EEE00B286B5 /* customerTabBarTests */,
				18F5B4691FA07EEE00B286B5 /* customerTabBarUITests */,
			);
		};
/* End PBXProject section */

/* Begin PBXResourcesBuildPhase section */
		18F5B4451FA07EED00B286B5 /* Resources */ = {
			isa = PBXResourcesBuildPhase;
			buildActionMask = 2147483647;
			files = (
				18F5B4571FA07EED00B286B5 /* LaunchScreen.storyboard in Resources */,
				18F5B4541FA07EED00B286B5 /* Assets.xcassets in Resources */,
				18F5B4521FA07EED00B286B5 /* Main.storyboard in Resources */,
			);
			runOnlyForDeploymentPostprocessing = 0;
		};
		18F5B45D1FA07EEE00B286B5 /* Resources */ = {
			isa = PBXResourcesBuildPhase;
			buildActionMask = 2147483647;
			files = (
			);
			runOnlyForDeploymentPostprocessing = 0;
		};
		18F5B4681FA07EEE00B286B5 /* Resources */ = {
			isa = PBXResourcesBuildPhase;
			buildActionMask = 2147483647;
			files = (
			);
			runOnlyForDeploymentPostprocessing = 0;
		};
/* End PBXResourcesBuildPhase section */

/* Begin PBXSourcesBuildPhase section */
		18F5B4431FA07EED00B286B5 /* Sources */ = {
			isa = PBXSourcesBuildPhase;
			buildActionMask = 2147483647;
			files = (
				18F5B4841FA080C600B286B5 /* HBX_NavigationViewController.m in Sources */,
				18F5B44F1FA07EED00B286B5 /* ViewController.m in Sources */,
				18F5B4941FA170CC00B286B5 /* HBX_CenterViewController.m in Sources */,
				18F5B4991FA1B73E00B286B5 /* HBX_CustomTabBar.m in Sources */,
				18F5B48D1FA08A3900B286B5 /* HBX_MoreViewController.m in Sources */,
				18F5B48A1FA08A1200B286B5 /* HBX_HomeViewController.m in Sources */,
				18F5B4901FA08A4700B286B5 /* HBX_MineViewController.m in Sources */,
				18F5B4811FA080A500B286B5 /* HBX_MainController.m in Sources */,
				18F5B45A1FA07EED00B286B5 /* main.m in Sources */,
				18F5B44C1FA07EED00B286B5 /* AppDelegate.m in Sources */,
			);
			runOnlyForDeploymentPostprocessing = 0;
		};
		18F5B45B1FA07EEE00B286B5 /* Sources */ = {
			isa = PBXSourcesBuildPhase;
			buildActionMask = 2147483647;
			files = (
				18F5B4641FA07EEE00B286B5 /* customerTabBarTests.m in Sources */,
			);
			runOnlyForDeploymentPostprocessing = 0;
		};
		18F5B4661FA07EEE00B286B5 /* Sources */ = {
			isa = PBXSourcesBuildPhase;
			buildActionMask = 2147483647;
			files = (
				18F5B46F1FA07EEE00B286B5 /* customerTabBarUITests.m in Sources */,
			);
			runOnlyForDeploymentPostprocessing = 0;
		};
/* End PBXSourcesBuildPhase section */

/* Begin PBXTargetDependency section */
		18F5B4611FA07EEE00B286B5 /* PBXTargetDependency */ = {
			isa = PBXTargetDependency;
			target = 18F5B4461FA07EED00B286B5 /* customerTabBar */;
			targetProxy = 18F5B4601FA07EEE00B286B5 /* PBXContainerItemProxy */;
		};
		18F5B46C1FA07EEE00B286B5 /* PBXTargetDependency */ = {
			isa = PBXTargetDependency;
			target = 18F5B4461FA07EED00B286B5 /* customerTabBar */;
			targetProxy = 18F5B46B1FA07EEE00B286B5 /* PBXContainerItemProxy */;
		};
/* End PBXTargetDependency section */

/* Begin PBXVariantGroup section */
		18F5B4501FA07EED00B286B5 /* Main.storyboard */ = {
			isa = PBXVariantGroup;
			children = (
				18F5B4511FA07EED00B286B5 /* Base */,
			);
			name = Main.storyboard;
			sourceTree = "<group>";
		};
		18F5B4551FA07EED00B286B5 /* LaunchScreen.storyboard */ = {
			isa = PBXVariantGroup;
			children = (
				18F5B4561FA07EED00B286B5 /* Base */,
			);
			name = LaunchScreen.storyboard;
			sourceTree = "<group>";
		};
/* End PBXVariantGroup section */

/* Begin XCBuildConfiguration section */
		18F5B4711FA07EEE00B286B5 /* Debug */ = {
			isa = XCBuildConfiguration;
			buildSettings = {
				ALWAYS_SEARCH_USER_PATHS = NO;
				CLANG_ANALYZER_NONNULL = YES;
				CLANG_ANALYZER_NUMBER_OBJECT_CONVERSION = YES_AGGRESSIVE;
				CLANG_CXX_LANGUAGE_STANDARD = "gnu++14";
				CLANG_CXX_LIBRARY = "libc++";
				CLANG_ENABLE_MODULES = YES;
				CLANG_ENABLE_OBJC_ARC = YES;
				CLANG_WARN_BLOCK_CAPTURE_AUTORELEASING = YES;
				CLANG_WARN_BOOL_CONVERSION = YES;
				CLANG_WARN_COMMA = YES;
				CLANG_WARN_CONSTANT_CONVERSION = YES;
				CLANG_WARN_DIRECT_OBJC_ISA_USAGE = YES_ERROR;
				CLANG_WARN_DOCUMENTATION_COMMENTS = YES;
				CLANG_WARN_EMPTY_BODY = YES;
				CLANG_WARN_ENUM_CONVERSION = YES;
				CLANG_WARN_INFINITE_RECURSION = YES;
				CLANG_WARN_INT_CONVERSION = YES;
				CLANG_WARN_NON_LITERAL_NULL_CONVERSION = YES;
				CLANG_WARN_OBJC_LITERAL_CONVERSION = YES;
				CLANG_WARN_OBJC_ROOT_CLASS = YES_ERROR;
				CLANG_WARN_RANGE_LOOP_ANALYSIS = YES;
				CLANG_WARN_STRICT_PROTOTYPES = YES;
				CLANG_WARN_SUSPICIOUS_MOVE = YES;
				CLANG_WARN_UNGUARDED_AVAILABILITY = YES_AGGRESSIVE;
				CLANG_WARN_UNREACHABLE_CODE = YES;
				CLANG_WARN__DUPLICATE_METHOD_MATCH = YES;
				CODE_SIGN_IDENTITY = "iPhone Developer";
				COPY_PHASE_STRIP = NO;
				DEBUG_INFORMATION_FORMAT = dwarf;
				ENABLE_STRICT_OBJC_MSGSEND = YES;
				ENABLE_TESTABILITY = YES;
				GCC_C_LANGUAGE_STANDARD = gnu11;
				GCC_DYNAMIC_NO_PIC = NO;
				GCC_NO_COMMON_BLOCKS = YES;
				GCC_OPTIMIZATION_LEVEL = 0;
				GCC_PREPROCESSOR_DEFINITIONS = (
					"DEBUG=1",
					"$(inherited)",
				);
				GCC_WARN_64_TO_32_BIT_CONVERSION = YES;
				GCC_WARN_ABOUT_RETURN_TYPE = YES_ERROR;
				GCC_WARN_UNDECLARED_SELECTOR = YES;
				GCC_WARN_UNINITIALIZED_AUTOS = YES_AGGRESSIVE;
				GCC_WARN_UNUSED_FUNCTION = YES;
				GCC_WARN_UNUSED_VARIABLE = YES;
				IPHONEOS_DEPLOYMENT_TARGET = 11.0;
				MTL_ENABLE_DEBUG_INFO = YES;
				ONLY_ACTIVE_ARCH = YES;
				SDKROOT = iphoneos;
			};
			name = Debug;
		};
		18F5B4721FA07EEE00B286B5 /* Release */ = {
			isa = XCBuildConfiguration;
			buildSettings = {
				ALWAYS_SEARCH_USER_PATHS = NO;
				CLANG_ANALYZER_NONNULL = YES;
				CLANG_ANALYZER_NUMBER_OBJECT_CONVERSION = YES_AGGRESSIVE;
				CLANG_CXX_LANGUAGE_STANDARD = "gnu++14";
				CLANG_CXX_LIBRARY = "libc++";
				CLANG_ENABLE_MODULES = YES;
				CLANG_ENABLE_OBJC_ARC = YES;
				CLANG_WARN_BLOCK_CAPTURE_AUTORELEASING = YES;
				CLANG_WARN_BOOL_CONVERSION = YES;
				CLANG_WARN_COMMA = YES;
				CLANG_WARN_CONSTANT_CONVERSION = YES;
				CLANG_WARN_DIRECT_OBJC_ISA_USAGE = YES_ERROR;
				CLANG_WARN_DOCUMENTATION_COMMENTS = YES;
				CLANG_WARN_EMPTY_BODY = YES;
				CLANG_WARN_ENUM_CONVERSION = YES;
				CLANG_WARN_INFINITE_RECURSION = YES;
				CLANG_WARN_INT_CONVERSION = YES;
				CLANG_WARN_NON_LITERAL_NULL_CONVERSION = YES;
				CLANG_WARN_OBJC_LITERAL_CONVERSION = YES;
				CLANG_WARN_OBJC_ROOT_CLASS = YES_ERROR;
				CLANG_WARN_RANGE_LOOP_ANALYSIS = YES;
				CLANG_WARN_STRICT_PROTOTYPES = YES;
				CLANG_WARN_SUSPICIOUS_MOVE = YES;
				CLANG_WARN_UNGUARDED_AVAILABILITY = YES_AGGRESSIVE;
				CLANG_WARN_UNREACHABLE_CODE = YES;
				CLANG_WARN__DUPLICATE_METHOD_MATCH = YES;
				CODE_SIGN_IDENTITY = "iPhone Developer";
				COPY_PHASE_STRIP = NO;
				DEBUG_INFORMATION_FORMAT = "dwarf-with-dsym";
				ENABLE_NS_ASSERTIONS = NO;
				ENABLE_STRICT_OBJC_MSGSEND = YES;
				GCC_C_LANGUAGE_STANDARD = gnu11;
				GCC_NO_COMMON_BLOCKS = YES;
				GCC_WARN_64_TO_32_BIT_CONVERSION = YES;
				GCC_WARN_ABOUT_RETURN_TYPE = YES_ERROR;
				GCC_WARN_UNDECLARED_SELECTOR = YES;
				GCC_WARN_UNINITIALIZED_AUTOS = YES_AGGRESSIVE;
				GCC_WARN_UNUSED_FUNCTION = YES;
				GCC_WARN_UNUSED_VARIABLE = YES;
				IPHONEOS_DEPLOYMENT_TARGET = 11.0;
				MTL_ENABLE_DEBUG_INFO = NO;
				SDKROOT = iphoneos;
				VALIDATE_PRODUCT = YES;
			};
			name = Release;
		};
		18F5B4741FA07EEE00B286B5 /* Debug */ = {
			isa = XCBuildConfiguration;
			buildSettings = {
				ASSETCATALOG_COMPILER_APPICON_NAME = AppIcon;
				CODE_SIGN_STYLE = Automatic;
				DEVELOPMENT_TEAM = 684DY2PAWL;
				INFOPLIST_FILE = customerTabBar/Info.plist;
				IPHONEOS_DEPLOYMENT_TARGET = 9.0;
				LD_RUNPATH_SEARCH_PATHS = "$(inherited) @executable_path/Frameworks";
				PRODUCT_BUNDLE_IDENTIFIER = com.huobaixu.www;
				PRODUCT_NAME = "$(TARGET_NAME)";
				TARGETED_DEVICE_FAMILY = "1,2";
			};
			name = Debug;
		};
		18F5B4751FA07EEE00B286B5 /* Release */ = {
			isa = XCBuildConfiguration;
			buildSettings = {
				ASSETCATALOG_COMPILER_APPICON_NAME = AppIcon;
				CODE_SIGN_STYLE = Automatic;
				DEVELOPMENT_TEAM = 684DY2PAWL;
				INFOPLIST_FILE = customerTabBar/Info.plist;
				IPHONEOS_DEPLOYMENT_TARGET = 9.0;
				LD_RUNPATH_SEARCH_PATHS = "$(inherited) @executable_path/Frameworks";
				PRODUCT_BUNDLE_IDENTIFIER = com.huobaixu.www;
				PRODUCT_NAME = "$(TARGET_NAME)";
				TARGETED_DEVICE_FAMILY = "1,2";
			};
			name = Release;
		};
		18F5B4771FA07EEE00B286B5 /* Debug */ = {
			isa = XCBuildConfiguration;
			buildSettings = {
				BUNDLE_LOADER = "$(TEST_HOST)";
				CODE_SIGN_STYLE = Automatic;
				DEVELOPMENT_TEAM = 684DY2PAWL;
				INFOPLIST_FILE = customerTabBarTests/Info.plist;
				LD_RUNPATH_SEARCH_PATHS = "$(inherited) @executable_path/Frameworks @loader_path/Frameworks";
				PRODUCT_BUNDLE_IDENTIFIER = com.dongfangyingu.cn.customerTabBarTests;
				PRODUCT_NAME = "$(TARGET_NAME)";
				TARGETED_DEVICE_FAMILY = "1,2";
				TEST_HOST = "$(BUILT_PRODUCTS_DIR)/customerTabBar.app/customerTabBar";
			};
			name = Debug;
		};
		18F5B4781FA07EEE00B286B5 /* Release */ = {
			isa = XCBuildConfiguration;
			buildSettings = {
				BUNDLE_LOADER = "$(TEST_HOST)";
				CODE_SIGN_STYLE = Automatic;
				DEVELOPMENT_TEAM = 684DY2PAWL;
				INFOPLIST_FILE = customerTabBarTests/Info.plist;
				LD_RUNPATH_SEARCH_PATHS = "$(inherited) @executable_path/Frameworks @loader_path/Frameworks";
				PRODUCT_BUNDLE_IDENTIFIER = com.dongfangyingu.cn.customerTabBarTests;
				PRODUCT_NAME = "$(TARGET_NAME)";
				TARGETED_DEVICE_FAMILY = "1,2";
				TEST_HOST = "$(BUILT_PRODUCTS_DIR)/customerTabBar.app/customerTabBar";
			};
			name = Release;
		};
		18F5B47A1FA07EEE00B286B5 /* Debug */ = {
			isa = XCBuildConfiguration;
			buildSettings = {
				CODE_SIGN_STYLE = Automatic;
				DEVELOPMENT_TEAM = 684DY2PAWL;
				INFOPLIST_FILE = customerTabBarUITests/Info.plist;
				LD_RUNPATH_SEARCH_PATHS = "$(inherited) @executable_path/Frameworks @loader_path/Frameworks";
				PRODUCT_BUNDLE_IDENTIFIER = com.dongfangyingu.cn.customerTabBarUITests;
				PRODUCT_NAME = "$(TARGET_NAME)";
				TARGETED_DEVICE_FAMILY = "1,2";
				TEST_TARGET_NAME = customerTabBar;
			};
			name = Debug;
		};
		18F5B47B1FA07EEE00B286B5 /* Release */ = {
			isa = XCBuildConfiguration;
			buildSettings = {
				CODE_SIGN_STYLE = Automatic;
				DEVELOPMENT_TEAM = 684DY2PAWL;
				INFOPLIST_FILE = customerTabBarUITests/Info.plist;
				LD_RUNPATH_SEARCH_PATHS = "$(inherited) @executable_path/Frameworks @loader_path/Frameworks";
				PRODUCT_BUNDLE_IDENTIFIER = com.dongfangyingu.cn.customerTabBarUITests;
				PRODUCT_NAME = "$(TARGET_NAME)";
				TARGETED_DEVICE_FAMILY = "1,2";
				TEST_TARGET_NAME = customerTabBar;
			};
			name = Release;
		};
/* End XCBuildConfiguration section */

/* Begin XCConfigurationList section */
		18F5B4421FA07EED00B286B5 /* Build configuration list for PBXProject "customerTabBar" */ = {
			isa = XCConfigurationList;
			buildConfigurations = (
				18F5B4711FA07EEE00B286B5 /* Debug */,
				18F5B4721FA07EEE00B286B5 /* Release */,
			);
			defaultConfigurationIsVisible = 0;
			defaultConfigurationName = Release;
		};
		18F5B4731FA07EEE00B286B5 /* Build configuration list for PBXNativeTarget "customerTabBar" */ = {
			isa = XCConfigurationList;
			buildConfigurations = (
				18F5B4741FA07EEE00B286B5 /* Debug */,
				18F5B4751FA07EEE00B286B5 /* Release */,
			);
			defaultConfigurationIsVisible = 0;
			defaultConfigurationName = Release;
		};
		18F5B4761FA07EEE00B286B5 /* Build configuration list for PBXNativeTarget "customerTabBarTests" */ = {
			isa = XCConfigurationList;
			buildConfigurations = (
				18F5B4771FA07EEE00B286B5 /* Debug */,
				18F5B4781FA07EEE00B286B5 /* Release */,
			);
			defaultConfigurationIsVisible = 0;
			defaultConfigurationName = Release;
		};
		18F5B4791FA07EEE00B286B5 /* Build configuration list for PBXNativeTarget "customerTabBarUITests" */ = {
			isa = XCConfigurationList;
			buildConfigurations = (
				18F5B47A1FA07EEE00B286B5 /* Debug */,
				18F5B47B1FA07EEE00B286B5 /* Release */,
			);
			defaultConfigurationIsVisible = 0;
			defaultConfigurationName = Release;
		};
/* End XCConfigurationList section */
	};
	rootObject = 18F5B43F1FA07EED00B286B5 /* Project object */;
}
